
Microsoft Visual Studio Solution File, Format Version 12.00
# Visual Studio 15
VisualStudioVersion = 15.0.28010.2048
MinimumVisualStudioVersion = 10.0.40219.1
Project("{FAE04EC0-301F-11D3-BF4B-00C04F79EFBC}") = "Dal", "Dal\Dal.csproj", "{3A8696A2-FBE4-43C4-A3B6-978E3552F6A0}"
EndProject
Project("{FAE04EC0-301F-11D3-BF4B-00C04F79EFBC}") = "Domain", "Domain\Domain.csproj", "{12DD1F82-9F5E-4540-91DC-8E50BB365260}"
EndProject
Project("{FAE04EC0-301F-11D3-BF4B-00C04F79EFBC}") = "Bll", "Bll\Bll.csproj", "{CF94F25D-5013-4126-BA58-A75DD145D909}"
EndProject
Project("{FAE04EC0-301F-11D3-BF4B-00C04F79EFBC}") = "WindowsFormsApp", "WindowsFormsApp\WindowsFormsApp.csproj", "{E6BBAB87-E363-4CF9-B9F7-4C10EFCD8803}"
EndProject
Project("{9A19103F-16F7-4668-BE54-9A1E7A4F7556}") = "DTO", "Dto\DTO.csproj", "{1DC5B8BC-D7C7-4293-BABF-65FC7903864C}"
EndProject
Project("{FAE04EC0-301F-11D3-BF4B-00C04F79EFBC}") = "WpfApp", "WpfApp\WpfApp.csproj", "{76AB3058-777C-486A-BB62-F319F4CB9215}"
EndProject
Global
	GlobalSection(SolutionConfigurationPlatforms) = preSolution
		Debug|Any CPU = Debug|Any CPU
		Release|Any CPU = Release|Any CPU
	EndGlobalSection
	GlobalSection(ProjectConfigurationPlatforms) = postSolution
		{3A8696A2-FBE4-43C4-A3B6-978E3552F6A0}.Debug|Any CPU.ActiveCfg = Debug|Any CPU
		{3A8696A2-FBE4-43C4-A3B6-978E3552F6A0}.Debug|Any CPU.Build.0 = Debug|Any CPU
		{3A8696A2-FBE4-43C4-A3B6-978E3552F6A0}.Release|Any CPU.ActiveCfg = Release|Any CPU
		{3A8696A2-FBE4-43C4-A3B6-978E3552F6A0}.Release|Any CPU.Build.0 = Release|Any CPU
		{12DD1F82-9F5E-4540-91DC-8E50BB365260}.Debug|Any CPU.ActiveCfg = Debug|Any CPU
		{12DD1F82-9F5E-4540-91DC-8E50BB365260}.Debug|Any CPU.Build.0 = Debug|Any CPU
		{12DD1F82-9F5E-4540-91DC-8E50BB365260}.Release|Any CPU.ActiveCfg = Release|Any CPU
		{12DD1F82-9F5E-4540-91DC-8E50BB365260}.Release|Any CPU.Build.0 = Release|Any CPU
		{CF94F25D-5013-4126-BA58-A75DD145D909}.Debug|Any CPU.ActiveCfg = Debug|Any CPU
		{CF94F25D-5013-4126-BA58-A75DD145D909}.Debug|Any CPU.Build.0 = Debug|Any CPU
		{CF94F25D-5013-4126-BA58-A75DD145D909}.Release|Any CPU.ActiveCfg = Release|Any CPU
		{CF94F25D-5013-4126-BA58-A75DD145D909}.Release|Any CPU.Build.0 = Release|Any CPU
		{E6BBAB87-E363-4CF9-B9F7-4C10EFCD8803}.Debug|Any CPU.ActiveCfg = Debug|Any CPU
		{E6BBAB87-E363-4CF9-B9F7-4C10EFCD8803}.Debug|Any CPU.Build.0 = Debug|Any CPU
		{E6BBAB87-E363-4CF9-B9F7-4C10EFCD8803}.Release|Any CPU.ActiveCfg = Release|Any CPU
		{E6BBAB87-E363-4CF9-B9F7-4C10EFCD8803}.Release|Any CPU.Build.0 = Release|Any CPU
		{1DC5B8BC-D7C7-4293-BABF-65FC7903864C}.Debug|Any CPU.ActiveCfg = Debug|Any CPU
		{1DC5B8BC-D7C7-4293-BABF-65FC7903864C}.Debug|Any CPU.Build.0 = Debug|Any CPU
		{1DC5B8BC-D7C7-4293-BABF-65FC7903864C}.Release|Any CPU.ActiveCfg = Release|Any CPU
		{1DC5B8BC-D7C7-4293-BABF-65FC7903864C}.Release|Any CPU.Build.0 = Release|Any CPU
		{76AB3058-777C-486A-BB62-F319F4CB9215}.Debug|Any CPU.ActiveCfg = Debug|Any CPU
		{76AB3058-777C-486A-BB62-F319F4CB9215}.Debug|Any CPU.Build.0 = Debug|Any CPU
		{76AB3058-777C-486A-BB62-F319F4CB9215}.Release|Any CPU.ActiveCfg = Release|Any CPU
		{76AB3058-777C-486A-BB62-F319F4CB9215}.Release|Any CPU.Build.0 = Release|Any CPU
	EndGlobalSection
	GlobalSection(SolutionProperties) = preSolution
		HideSolutionNode = FALSE
	EndGlobalSection
	GlobalSection(ExtensibilityGlobals) = postSolution
		SolutionGuid = {9EB0D7C4-4552-46EB-9631-2F1255026985}
	EndGlobalSection
EndGlobal
